
Microsoft Visual Studio Solution File, Format Version 12.00
# Visual Studio Version 17
VisualStudioVersion = 17.4.32916.344
MinimumVisualStudioVersion = 10.0.40219.1
Project("{FAE04EC0-301F-11D3-BF4B-00C04F79EFBC}") = "MyEmailService", "MyEmailService\MyEmailService.csproj", "{62E5AB86-FFCF-4627-94E2-D971AAEDBF26}"
EndProject
Global
	GlobalSection(SolutionConfigurationPlatforms) = preSolution
		Debug|Any CPU = Debug|Any CPU
		Release|Any CPU = Release|Any CPU
	EndGlobalSection
	GlobalSection(ProjectConfigurationPlatforms) = postSolution
		{62E5AB86-FFCF-4627-94E2-D971AAEDBF26}.Debug|Any CPU.ActiveCfg = Debug|Any CPU
		{62E5AB86-FFCF-4627-94E2-D971AAEDBF26}.Debug|Any CPU.Build.0 = Debug|Any CPU
		{62E5AB86-FFCF-4627-94E2-D971AAEDBF26}.Release|Any CPU.ActiveCfg = Release|Any CPU
		{62E5AB86-FFCF-4627-94E2-D971AAEDBF26}.Release|Any CPU.Build.0 = Release|Any CPU
	EndGlobalSection
	GlobalSection(SolutionProperties) = preSolution
		HideSolutionNode = FALSE
	EndGlobalSection
	GlobalSection(ExtensibilityGlobals) = postSolution
		SolutionGuid = {CE6B8D85-C2CC-4BB1-8903-043B465D72CC}
	EndGlobalSection
EndGlobal
